
Microsoft Visual Studio Solution File, Format Version 12.00
# Visual Studio 14
VisualStudioVersion = 14.0.23107.0
MinimumVisualStudioVersion = 10.0.40219.1
Project("{FAE04EC0-301F-11D3-BF4B-00C04F79EFBC}") = "GBSLeave", "GBSLeave\GBSLeave.csproj", "{3247F9AF-7C20-48C0-9221-CCB406C2D324}"
EndProject
Global
	GlobalSection(SolutionConfigurationPlatforms) = preSolution
		Debug|Any CPU = Debug|Any CPU
		Release|Any CPU = Release|Any CPU
	EndGlobalSection
	GlobalSection(ProjectConfigurationPlatforms) = postSolution
		{3247F9AF-7C20-48C0-9221-CCB406C2D324}.Debug|Any CPU.ActiveCfg = Debug|Any CPU
		{3247F9AF-7C20-48C0-9221-CCB406C2D324}.Debug|Any CPU.Build.0 = Debug|Any CPU
		{3247F9AF-7C20-48C0-9221-CCB406C2D324}.Release|Any CPU.ActiveCfg = Release|Any CPU
		{3247F9AF-7C20-48C0-9221-CCB406C2D324}.Release|Any CPU.Build.0 = Release|Any CPU
	EndGlobalSection
	GlobalSection(SolutionProperties) = preSolution
		HideSolutionNode = FALSE
	EndGlobalSection
EndGlobal
